
Microsoft Visual Studio Solution File, Format Version 12.00
# Visual Studio 14
VisualStudioVersion = 14.0.25420.1
MinimumVisualStudioVersion = 10.0.40219.1
Project("{FAE04EC0-301F-11D3-BF4B-00C04F79EFBC}") = "OnlineShop", "OnlineShop\OnlineShop.csproj", "{BEF93105-7B95-492F-9511-166A9E695B7A}"
EndProject
Project("{FAE04EC0-301F-11D3-BF4B-00C04F79EFBC}") = "Model", "Model\Model.csproj", "{A34D021D-5231-4595-80DD-766326CE2FE9}"
EndProject
Project("{FAE04EC0-301F-11D3-BF4B-00C04F79EFBC}") = "Common", "Common\Common.csproj", "{B130D090-96E6-426A-9AA0-A5E85D19C8E4}"
EndProject
Project("{FAE04EC0-301F-11D3-BF4B-00C04F79EFBC}") = "StaticResource", "StaticResource\StaticResource.csproj", "{6A0DE26A-DB8E-4BB0-BD6E-7C8D4492939F}"
EndProject
Global
	GlobalSection(SolutionConfigurationPlatforms) = preSolution
		Debug|Any CPU = Debug|Any CPU
		Release|Any CPU = Release|Any CPU
	EndGlobalSection
	GlobalSection(ProjectConfigurationPlatforms) = postSolution
		{BEF93105-7B95-492F-9511-166A9E695B7A}.Debug|Any CPU.ActiveCfg = Debug|Any CPU
		{BEF93105-7B95-492F-9511-166A9E695B7A}.Debug|Any CPU.Build.0 = Debug|Any CPU
		{BEF93105-7B95-492F-9511-166A9E695B7A}.Release|Any CPU.ActiveCfg = Release|Any CPU
		{BEF93105-7B95-492F-9511-166A9E695B7A}.Release|Any CPU.Build.0 = Release|Any CPU
		{A34D021D-5231-4595-80DD-766326CE2FE9}.Debug|Any CPU.ActiveCfg = Debug|Any CPU
		{A34D021D-5231-4595-80DD-766326CE2FE9}.Debug|Any CPU.Build.0 = Debug|Any CPU
		{A34D021D-5231-4595-80DD-766326CE2FE9}.Release|Any CPU.ActiveCfg = Release|Any CPU
		{A34D021D-5231-4595-80DD-766326CE2FE9}.Release|Any CPU.Build.0 = Release|Any CPU
		{B130D090-96E6-426A-9AA0-A5E85D19C8E4}.Debug|Any CPU.ActiveCfg = Debug|Any CPU
		{B130D090-96E6-426A-9AA0-A5E85D19C8E4}.Debug|Any CPU.Build.0 = Debug|Any CPU
		{B130D090-96E6-426A-9AA0-A5E85D19C8E4}.Release|Any CPU.ActiveCfg = Release|Any CPU
		{B130D090-96E6-426A-9AA0-A5E85D19C8E4}.Release|Any CPU.Build.0 = Release|Any CPU
		{6A0DE26A-DB8E-4BB0-BD6E-7C8D4492939F}.Debug|Any CPU.ActiveCfg = Debug|Any CPU
		{6A0DE26A-DB8E-4BB0-BD6E-7C8D4492939F}.Debug|Any CPU.Build.0 = Debug|Any CPU
		{6A0DE26A-DB8E-4BB0-BD6E-7C8D4492939F}.Release|Any CPU.ActiveCfg = Release|Any CPU
		{6A0DE26A-DB8E-4BB0-BD6E-7C8D4492939F}.Release|Any CPU.Build.0 = Release|Any CPU
	EndGlobalSection
	GlobalSection(SolutionProperties) = preSolution
		HideSolutionNode = FALSE
	EndGlobalSection
EndGlobal
